
Microsoft Visual Studio Solution File, Format Version 12.00
# Visual Studio Version 17
VisualStudioVersion = 17.1.32210.238
MinimumVisualStudioVersion = 10.0.40219.1
Project("{FAE04EC0-301F-11D3-BF4B-00C04F79EFBC}") = "Homework10", "Homework10\Homework10.csproj", "{6FC3A3E8-11E8-42DF-880B-E9661AD0384A}"
EndProject
Project("{9A19103F-16F7-4668-BE54-9A1E7A4F7556}") = "Spider", "Spider\Spider.csproj", "{59860C65-51A9-412B-9F04-C8D3AEF328E9}"
EndProject
Project("{9A19103F-16F7-4668-BE54-9A1E7A4F7556}") = "SpiderWinForms", "SpiderWinForms\SpiderWinForms.csproj", "{6DB05165-3622-42AF-91F7-AC4FC0BC273F}"
EndProject
Global
	GlobalSection(SolutionConfigurationPlatforms) = preSolution
		Debug|Any CPU = Debug|Any CPU
		Release|Any CPU = Release|Any CPU
	EndGlobalSection
	GlobalSection(ProjectConfigurationPlatforms) = postSolution
		{6FC3A3E8-11E8-42DF-880B-E9661AD0384A}.Debug|Any CPU.ActiveCfg = Debug|Any CPU
		{6FC3A3E8-11E8-42DF-880B-E9661AD0384A}.Debug|Any CPU.Build.0 = Debug|Any CPU
		{6FC3A3E8-11E8-42DF-880B-E9661AD0384A}.Release|Any CPU.ActiveCfg = Release|Any CPU
		{6FC3A3E8-11E8-42DF-880B-E9661AD0384A}.Release|Any CPU.Build.0 = Release|Any CPU
		{59860C65-51A9-412B-9F04-C8D3AEF328E9}.Debug|Any CPU.ActiveCfg = Debug|Any CPU
		{59860C65-51A9-412B-9F04-C8D3AEF328E9}.Debug|Any CPU.Build.0 = Debug|Any CPU
		{59860C65-51A9-412B-9F04-C8D3AEF328E9}.Release|Any CPU.ActiveCfg = Release|Any CPU
		{59860C65-51A9-412B-9F04-C8D3AEF328E9}.Release|Any CPU.Build.0 = Release|Any CPU
		{6DB05165-3622-42AF-91F7-AC4FC0BC273F}.Debug|Any CPU.ActiveCfg = Debug|Any CPU
		{6DB05165-3622-42AF-91F7-AC4FC0BC273F}.Debug|Any CPU.Build.0 = Debug|Any CPU
		{6DB05165-3622-42AF-91F7-AC4FC0BC273F}.Release|Any CPU.ActiveCfg = Release|Any CPU
		{6DB05165-3622-42AF-91F7-AC4FC0BC273F}.Release|Any CPU.Build.0 = Release|Any CPU
	EndGlobalSection
	GlobalSection(SolutionProperties) = preSolution
		HideSolutionNode = FALSE
	EndGlobalSection
	GlobalSection(ExtensibilityGlobals) = postSolution
		SolutionGuid = {83FA3EB9-F117-45FD-9999-1188302A1B4A}
	EndGlobalSection
EndGlobal
