
Microsoft Visual Studio Solution File, Format Version 12.00
# Visual Studio Version 17
VisualStudioVersion = 17.1.32210.238
MinimumVisualStudioVersion = 10.0.40219.1
Project("{FAE04EC0-301F-11D3-BF4B-00C04F79EFBC}") = "OrderSystem", "OrderSystem\OrderSystem.csproj", "{0E2C2FC3-E85D-4162-9DF9-2C031AACB550}"
EndProject
Global
	GlobalSection(SolutionConfigurationPlatforms) = preSolution
		Debug|Any CPU = Debug|Any CPU
		Release|Any CPU = Release|Any CPU
	EndGlobalSection
	GlobalSection(ProjectConfigurationPlatforms) = postSolution
		{0E2C2FC3-E85D-4162-9DF9-2C031AACB550}.Debug|Any CPU.ActiveCfg = Debug|Any CPU
		{0E2C2FC3-E85D-4162-9DF9-2C031AACB550}.Debug|Any CPU.Build.0 = Debug|Any CPU
		{0E2C2FC3-E85D-4162-9DF9-2C031AACB550}.Release|Any CPU.ActiveCfg = Release|Any CPU
		{0E2C2FC3-E85D-4162-9DF9-2C031AACB550}.Release|Any CPU.Build.0 = Release|Any CPU
	EndGlobalSection
	GlobalSection(SolutionProperties) = preSolution
		HideSolutionNode = FALSE
	EndGlobalSection
	GlobalSection(ExtensibilityGlobals) = postSolution
		SolutionGuid = {41AF53F2-5DDE-40C0-9733-E720D89ABC41}
	EndGlobalSection
EndGlobal
