
Microsoft Visual Studio Solution File, Format Version 12.00
# Visual Studio Version 17
VisualStudioVersion = 17.1.32210.238
MinimumVisualStudioVersion = 10.0.40219.1
Project("{FAE04EC0-301F-11D3-BF4B-00C04F79EFBC}") = "Figure", "Figure\Figure.csproj", "{2D801469-DB54-4C45-9CAB-C163CE9178D2}"
EndProject
Project("{FAE04EC0-301F-11D3-BF4B-00C04F79EFBC}") = "SimpleFactory", "SimpleFactory\SimpleFactory.csproj", "{E5E7FCE6-CE57-4DBA-9652-BA48D749A808}"
EndProject
Global
	GlobalSection(SolutionConfigurationPlatforms) = preSolution
		Debug|Any CPU = Debug|Any CPU
		Release|Any CPU = Release|Any CPU
	EndGlobalSection
	GlobalSection(ProjectConfigurationPlatforms) = postSolution
		{2D801469-DB54-4C45-9CAB-C163CE9178D2}.Debug|Any CPU.ActiveCfg = Debug|Any CPU
		{2D801469-DB54-4C45-9CAB-C163CE9178D2}.Debug|Any CPU.Build.0 = Debug|Any CPU
		{2D801469-DB54-4C45-9CAB-C163CE9178D2}.Release|Any CPU.ActiveCfg = Release|Any CPU
		{2D801469-DB54-4C45-9CAB-C163CE9178D2}.Release|Any CPU.Build.0 = Release|Any CPU
		{E5E7FCE6-CE57-4DBA-9652-BA48D749A808}.Debug|Any CPU.ActiveCfg = Debug|Any CPU
		{E5E7FCE6-CE57-4DBA-9652-BA48D749A808}.Debug|Any CPU.Build.0 = Debug|Any CPU
		{E5E7FCE6-CE57-4DBA-9652-BA48D749A808}.Release|Any CPU.ActiveCfg = Release|Any CPU
		{E5E7FCE6-CE57-4DBA-9652-BA48D749A808}.Release|Any CPU.Build.0 = Release|Any CPU
	EndGlobalSection
	GlobalSection(SolutionProperties) = preSolution
		HideSolutionNode = FALSE
	EndGlobalSection
	GlobalSection(ExtensibilityGlobals) = postSolution
		SolutionGuid = {6163A5A8-D9F0-4DC1-A9CB-73856C100168}
	EndGlobalSection
EndGlobal
